{
  "name": "yeye-match",
  "version": "1.0.0",
  "lockfileVersion": 3,
  "requires": true,
  "packages": {
    "": {
      "name": "yeye-match",
      "version": "1.0.0",
      "license": "ISC",
      "dependencies": {
        "@vant/weapp": "^1.10.25"
      }
    },
    "node_modules/@vant/weapp": {
      "version": "1.10.25",
      "resolved": "https://registry.npmmirror.com/@vant/weapp/-/weapp-1.10.25.tgz",
      "integrity": "sha512-UGtEZdyaYNDfZ2GJ4qHU1ch23s2iYaPhxd+kx/baPvtPOlIllCLw0yk5v+4mMG6ZyMmIZCQd3nbLIEwDezLWYA=="
    }
  }
}
